// !$*UTF8*$!
{
	archiveVersion = 1;
	classes = {
	};
	objectVersion = 52;
	objects = {

/* Begin PBXBuildFile section */
		AF04213C26399B5700AF9993 /* WeatherResponses.swift in Sources */ = {isa = PBXBuildFile; fileRef = AF04213B26399B5700AF9993 /* WeatherResponses.swift */; };
		AF04214326399C9600AF9993 /* Weather.swift in Sources */ = {isa = PBXBuildFile; fileRef = AF04214226399C9600AF9993 /* Weather.swift */; };
		AF04214626399CB300AF9993 /* WeatherDetail.swift in Sources */ = {isa = PBXBuildFile; fileRef = AF04214526399CB300AF9993 /* WeatherDetail.swift */; };
		AF04214D26399CCB00AF9993 /* DailyWeather.swift in Sources */ = {isa = PBXBuildFile; fileRef = AF04214C26399CCB00AF9993 /* DailyWeather.swift */; };
		AF04215026399CDD00AF9993 /* Temperature.swift in Sources */ = {isa = PBXBuildFile; fileRef = AF04214F26399CDD00AF9993 /* Temperature.swift */; };
		AF1957942636F9BF00B35EBB /* WeatherAppApp.swift in Sources */ = {isa = PBXBuildFile; fileRef = AF1957932636F9BF00B35EBB /* WeatherAppApp.swift */; };
		AF1957962636F9BF00B35EBB /* ContentView.swift in Sources */ = {isa = PBXBuildFile; fileRef = AF1957952636F9BF00B35EBB /* ContentView.swift */; };
		AF1957982636F9C000B35EBB /* Assets.xcassets in Resources */ = {isa = PBXBuildFile; fileRef = AF1957972636F9C000B35EBB /* Assets.xcassets */; };
		AF19579B2636F9C000B35EBB /* Preview Assets.xcassets in Resources */ = {isa = PBXBuildFile; fileRef = AF19579A2636F9C000B35EBB /* Preview Assets.xcassets */; };
		AF3664D82640361200CD1BE0 /* CityViewViewModel.swift in Sources */ = {isa = PBXBuildFile; fileRef = AF3664D72640361200CD1BE0 /* CityViewViewModel.swift */; };
		AF9FB9372641940700D089B8 /* Lottie in Frameworks */ = {isa = PBXBuildFile; productRef = AF9FB9362641940700D089B8 /* Lottie */; };
		AF9FB9492641954F00D089B8 /* dayClearSky.json in Resources */ = {isa = PBXBuildFile; fileRef = AF9FB9392641954E00D089B8 /* dayClearSky.json */; };
		AF9FB94A2641954F00D089B8 /* dayShowerRains.json in Resources */ = {isa = PBXBuildFile; fileRef = AF9FB93A2641954E00D089B8 /* dayShowerRains.json */; };
		AF9FB94B2641954F00D089B8 /* dayThunderstorm.json in Resources */ = {isa = PBXBuildFile; fileRef = AF9FB93B2641954E00D089B8 /* dayThunderstorm.json */; };
		AF9FB94C2641954F00D089B8 /* nightSnow.json in Resources */ = {isa = PBXBuildFile; fileRef = AF9FB93C2641954E00D089B8 /* nightSnow.json */; };
		AF9FB94D2641954F00D089B8 /* dayMist.json in Resources */ = {isa = PBXBuildFile; fileRef = AF9FB93D2641954E00D089B8 /* dayMist.json */; };
		AF9FB94E2641954F00D089B8 /* nightClearSky.json in Resources */ = {isa = PBXBuildFile; fileRef = AF9FB93E2641954E00D089B8 /* nightClearSky.json */; };
		AF9FB94F2641954F00D089B8 /* nightShowerRains.json in Resources */ = {isa = PBXBuildFile; fileRef = AF9FB93F2641954E00D089B8 /* nightShowerRains.json */; };
		AF9FB9502641954F00D089B8 /* daySnow.json in Resources */ = {isa = PBXBuildFile; fileRef = AF9FB9402641954E00D089B8 /* daySnow.json */; };
		AF9FB9512641954F00D089B8 /* nightRain.json in Resources */ = {isa = PBXBuildFile; fileRef = AF9FB9412641954E00D089B8 /* nightRain.json */; };
		AF9FB9522641954F00D089B8 /* nightFewClouds.json in Resources */ = {isa = PBXBuildFile; fileRef = AF9FB9422641954E00D089B8 /* nightFewClouds.json */; };
		AF9FB9532641954F00D089B8 /* nightScatteredClouds.json in Resources */ = {isa = PBXBuildFile; fileRef = AF9FB9432641954F00D089B8 /* nightScatteredClouds.json */; };
		AF9FB9542641954F00D089B8 /* nightThunderstorm.json in Resources */ = {isa = PBXBuildFile; fileRef = AF9FB9442641954F00D089B8 /* nightThunderstorm.json */; };
		AF9FB9552641954F00D089B8 /* nightBrokenClouds.json in Resources */ = {isa = PBXBuildFile; fileRef = AF9FB9452641954F00D089B8 /* nightBrokenClouds.json */; };
		AF9FB9562641954F00D089B8 /* nightMist.json in Resources */ = {isa = PBXBuildFile; fileRef = AF9FB9462641954F00D089B8 /* nightMist.json */; };
		AF9FB9572641954F00D089B8 /* dayRain.json in Resources */ = {isa = PBXBuildFile; fileRef = AF9FB9472641954F00D089B8 /* dayRain.json */; };
		AF9FB9582641954F00D089B8 /* dayScatteredClouds.json in Resources */ = {isa = PBXBuildFile; fileRef = AF9FB9482641954F00D089B8 /* dayScatteredClouds.json */; };
		AFA37F4F2644220100A86CFC /* LottieView.swift in Sources */ = {isa = PBXBuildFile; fileRef = AFA37F4E2644220100A86CFC /* LottieView.swift */; };
		AFA37F52264425FD00A86CFC /* TodayWeatherView.swift in Sources */ = {isa = PBXBuildFile; fileRef = AFA37F51264425FD00A86CFC /* TodayWeatherView.swift */; };
		AFA37F55264431ED00A86CFC /* HourlyWeatherView.swift in Sources */ = {isa = PBXBuildFile; fileRef = AFA37F54264431ED00A86CFC /* HourlyWeatherView.swift */; };
		AFA37F58264435B000A86CFC /* DailyWeatherView.swift in Sources */ = {isa = PBXBuildFile; fileRef = AFA37F57264435B000A86CFC /* DailyWeatherView.swift */; };
		AFE423E02642EF080061EF75 /* MenuHeaderView.swift in Sources */ = {isa = PBXBuildFile; fileRef = AFE423DF2642EF080061EF75 /* MenuHeaderView.swift */; };
		AFE423E32642F1AA0061EF75 /* CityView.swift in Sources */ = {isa = PBXBuildFile; fileRef = AFE423E22642F1AA0061EF75 /* CityView.swift */; };
		AFE423E62642F3530061EF75 /* CityNameView.swift in Sources */ = {isa = PBXBuildFile; fileRef = AFE423E52642F3530061EF75 /* CityNameView.swift */; };
		AFEA0B9126384B0B00C95270 /* API.swift in Sources */ = {isa = PBXBuildFile; fileRef = AFEA0B9026384B0B00C95270 /* API.swift */; };
		AFEA0B9426384D4200C95270 /* API+Extension.swift in Sources */ = {isa = PBXBuildFile; fileRef = AFEA0B9326384D4200C95270 /* API+Extension.swift */; };
		AFEA0B972638553000C95270 /* NetworkManager.swift in Sources */ = {isa = PBXBuildFile; fileRef = AFEA0B962638553000C95270 /* NetworkManager.swift */; };
/* End PBXBuildFile section */

/* Begin PBXFileReference section */
		AF04213B26399B5700AF9993 /* WeatherResponses.swift */ = {isa = PBXFileReference; lastKnownFileType = sourcecode.swift; path = WeatherResponses.swift; sourceTree = "<group>"; };
		AF04214226399C9600AF9993 /* Weather.swift */ = {isa = PBXFileReference; lastKnownFileType = sourcecode.swift; path = Weather.swift; sourceTree = "<group>"; };
		AF04214526399CB300AF9993 /* WeatherDetail.swift */ = {isa = PBXFileReference; lastKnownFileType = sourcecode.swift; path = WeatherDetail.swift; sourceTree = "<group>"; };
		AF04214C26399CCB00AF9993 /* DailyWeather.swift */ = {isa = PBXFileReference; lastKnownFileType = sourcecode.swift; path = DailyWeather.swift; sourceTree = "<group>"; };
		AF04214F26399CDD00AF9993 /* Temperature.swift */ = {isa = PBXFileReference; lastKnownFileType = sourcecode.swift; path = Temperature.swift; sourceTree = "<group>"; };
		AF1957902636F9BF00B35EBB /* WeatherApp.app */ = {isa = PBXFileReference; explicitFileType = wrapper.application; includeInIndex = 0; path = WeatherApp.app; sourceTree = BUILT_PRODUCTS_DIR; };
		AF1957932636F9BF00B35EBB /* WeatherAppApp.swift */ = {isa = PBXFileReference; lastKnownFileType = sourcecode.swift; path = WeatherAppApp.swift; sourceTree = "<group>"; };
		AF1957952636F9BF00B35EBB /* ContentView.swift */ = {isa = PBXFileReference; lastKnownFileType = sourcecode.swift; path = ContentView.swift; sourceTree = "<group>"; };
		AF1957972636F9C000B35EBB /* Assets.xcassets */ = {isa = PBXFileReference; lastKnownFileType = folder.assetcatalog; path = Assets.xcassets; sourceTree = "<group>"; };
		AF19579A2636F9C000B35EBB /* Preview Assets.xcassets */ = {isa = PBXFileReference; lastKnownFileType = folder.assetcatalog; path = "Preview Assets.xcassets"; sourceTree = "<group>"; };
		AF19579C2636F9C000B35EBB /* Info.plist */ = {isa = PBXFileReference; lastKnownFileType = text.plist.xml; path = Info.plist; sourceTree = "<group>"; };
		AF3664D72640361200CD1BE0 /* CityViewViewModel.swift */ = {isa = PBXFileReference; lastKnownFileType = sourcecode.swift; path = CityViewViewModel.swift; sourceTree = "<group>"; };
		AF9FB9392641954E00D089B8 /* dayClearSky.json */ = {isa = PBXFileReference; fileEncoding = 4; lastKnownFileType = text.json; path = dayClearSky.json; sourceTree = "<group>"; };
		AF9FB93A2641954E00D089B8 /* dayShowerRains.json */ = {isa = PBXFileReference; fileEncoding = 4; lastKnownFileType = text.json; path = dayShowerRains.json; sourceTree = "<group>"; };
		AF9FB93B2641954E00D089B8 /* dayThunderstorm.json */ = {isa = PBXFileReference; fileEncoding = 4; lastKnownFileType = text.json; path = dayThunderstorm.json; sourceTree = "<group>"; };
		AF9FB93C2641954E00D089B8 /* nightSnow.json */ = {isa = PBXFileReference; fileEncoding = 4; lastKnownFileType = text.json; path = nightSnow.json; sourceTree = "<group>"; };
		AF9FB93D2641954E00D089B8 /* dayMist.json */ = {isa = PBXFileReference; fileEncoding = 4; lastKnownFileType = text.json; path = dayMist.json; sourceTree = "<group>"; };
		AF9FB93E2641954E00D089B8 /* nightClearSky.json */ = {isa = PBXFileReference; fileEncoding = 4; lastKnownFileType = text.json; path = nightClearSky.json; sourceTree = "<group>"; };
		AF9FB93F2641954E00D089B8 /* nightShowerRains.json */ = {isa = PBXFileReference; fileEncoding = 4; lastKnownFileType = text.json; path = nightShowerRains.json; sourceTree = "<group>"; };
		AF9FB9402641954E00D089B8 /* daySnow.json */ = {isa = PBXFileReference; fileEncoding = 4; lastKnownFileType = text.json; path = daySnow.json; sourceTree = "<group>"; };
		AF9FB9412641954E00D089B8 /* nightRain.json */ = {isa = PBXFileReference; fileEncoding = 4; lastKnownFileType = text.json; path = nightRain.json; sourceTree = "<group>"; };
		AF9FB9422641954E00D089B8 /* nightFewClouds.json */ = {isa = PBXFileReference; fileEncoding = 4; lastKnownFileType = text.json; path = nightFewClouds.json; sourceTree = "<group>"; };
		AF9FB9432641954F00D089B8 /* nightScatteredClouds.json */ = {isa = PBXFileReference; fileEncoding = 4; lastKnownFileType = text.json; path = nightScatteredClouds.json; sourceTree = "<group>"; };
		AF9FB9442641954F00D089B8 /* nightThunderstorm.json */ = {isa = PBXFileReference; fileEncoding = 4; lastKnownFileType = text.json; path = nightThunderstorm.json; sourceTree = "<group>"; };
		AF9FB9452641954F00D089B8 /* nightBrokenClouds.json */ = {isa = PBXFileReference; fileEncoding = 4; lastKnownFileType = text.json; path = nightBrokenClouds.json; sourceTree = "<group>"; };
		AF9FB9462641954F00D089B8 /* nightMist.json */ = {isa = PBXFileReference; fileEncoding = 4; lastKnownFileType = text.json; path = nightMist.json; sourceTree = "<group>"; };
		AF9FB9472641954F00D089B8 /* dayRain.json */ = {isa = PBXFileReference; fileEncoding = 4; lastKnownFileType = text.json; path = dayRain.json; sourceTree = "<group>"; };
		AF9FB9482641954F00D089B8 /* dayScatteredClouds.json */ = {isa = PBXFileReference; fileEncoding = 4; lastKnownFileType = text.json; path = dayScatteredClouds.json; sourceTree = "<group>"; };
		AFA37F4E2644220100A86CFC /* LottieView.swift */ = {isa = PBXFileReference; lastKnownFileType = sourcecode.swift; path = LottieView.swift; sourceTree = "<group>"; };
		AFA37F51264425FD00A86CFC /* TodayWeatherView.swift */ = {isa = PBXFileReference; lastKnownFileType = sourcecode.swift; path = TodayWeatherView.swift; sourceTree = "<group>"; };
		AFA37F54264431ED00A86CFC /* HourlyWeatherView.swift */ = {isa = PBXFileReference; lastKnownFileType = sourcecode.swift; path = HourlyWeatherView.swift; sourceTree = "<group>"; };
		AFA37F57264435B000A86CFC /* DailyWeatherView.swift */ = {isa = PBXFileReference; lastKnownFileType = sourcecode.swift; path = DailyWeatherView.swift; sourceTree = "<group>"; };
		AFE423DF2642EF080061EF75 /* MenuHeaderView.swift */ = {isa = PBXFileReference; lastKnownFileType = sourcecode.swift; path = MenuHeaderView.swift; sourceTree = "<group>"; };
		AFE423E22642F1AA0061EF75 /* CityView.swift */ = {isa = PBXFileReference; lastKnownFileType = sourcecode.swift; path = CityView.swift; sourceTree = "<group>"; };
		AFE423E52642F3530061EF75 /* CityNameView.swift */ = {isa = PBXFileReference; lastKnownFileType = sourcecode.swift; path = CityNameView.swift; sourceTree = "<group>"; };
		AFEA0B9026384B0B00C95270 /* API.swift */ = {isa = PBXFileReference; lastKnownFileType = sourcecode.swift; path = API.swift; sourceTree = "<group>"; };
		AFEA0B9326384D4200C95270 /* API+Extension.swift */ = {isa = PBXFileReference; lastKnownFileType = sourcecode.swift; path = "API+Extension.swift"; sourceTree = "<group>"; };
		AFEA0B962638553000C95270 /* NetworkManager.swift */ = {isa = PBXFileReference; lastKnownFileType = sourcecode.swift; path = NetworkManager.swift; sourceTree = "<group>"; };
/* End PBXFileReference section */

/* Begin PBXFrameworksBuildPhase section */
		AF19578D2636F9BF00B35EBB /* Frameworks */ = {
			isa = PBXFrameworksBuildPhase;
			buildActionMask = 2147483647;
			files = (
				AF9FB9372641940700D089B8 /* Lottie in Frameworks */,
			);
			runOnlyForDeploymentPostprocessing = 0;
		};
/* End PBXFrameworksBuildPhase section */

/* Begin PBXGroup section */
		AF1957872636F9BF00B35EBB = {
			isa = PBXGroup;
			children = (
				AF1957922636F9BF00B35EBB /* WeatherApp */,
				AF1957912636F9BF00B35EBB /* Products */,
			);
			sourceTree = "<group>";
		};
		AF1957912636F9BF00B35EBB /* Products */ = {
			isa = PBXGroup;
			children = (
				AF1957902636F9BF00B35EBB /* WeatherApp.app */,
			);
			name = Products;
			sourceTree = "<group>";
		};
		AF1957922636F9BF00B35EBB /* WeatherApp */ = {
			isa = PBXGroup;
			children = (
				AF1957A7263702AD00B35EBB /* LottieAnimations */,
				AF1957A6263702A800B35EBB /* Models */,
				AF1957A5263702A300B35EBB /* Views */,
				AF1957A42637029700B35EBB /* ViewModels */,
				AF1957A32637026700B35EBB /* Networking */,
				AF1957932636F9BF00B35EBB /* WeatherAppApp.swift */,
				AF1957952636F9BF00B35EBB /* ContentView.swift */,
				AF1957972636F9C000B35EBB /* Assets.xcassets */,
				AF19579C2636F9C000B35EBB /* Info.plist */,
				AF1957992636F9C000B35EBB /* Preview Content */,
			);
			path = WeatherApp;
			sourceTree = "<group>";
		};
		AF1957992636F9C000B35EBB /* Preview Content */ = {
			isa = PBXGroup;
			children = (
				AF19579A2636F9C000B35EBB /* Preview Assets.xcassets */,
			);
			path = "Preview Content";
			sourceTree = "<group>";
		};
		AF1957A32637026700B35EBB /* Networking */ = {
			isa = PBXGroup;
			children = (
				AFEA0B9026384B0B00C95270 /* API.swift */,
				AFEA0B9326384D4200C95270 /* API+Extension.swift */,
				AFEA0B962638553000C95270 /* NetworkManager.swift */,
			);
			path = Networking;
			sourceTree = "<group>";
		};
		AF1957A42637029700B35EBB /* ViewModels */ = {
			isa = PBXGroup;
			children = (
				AF3664D72640361200CD1BE0 /* CityViewViewModel.swift */,
			);
			path = ViewModels;
			sourceTree = "<group>";
		};
		AF1957A5263702A300B35EBB /* Views */ = {
			isa = PBXGroup;
			children = (
				AFE423DF2642EF080061EF75 /* MenuHeaderView.swift */,
				AFE423E22642F1AA0061EF75 /* CityView.swift */,
				AFE423E52642F3530061EF75 /* CityNameView.swift */,
				AFA37F4E2644220100A86CFC /* LottieView.swift */,
				AFA37F51264425FD00A86CFC /* TodayWeatherView.swift */,
				AFA37F54264431ED00A86CFC /* HourlyWeatherView.swift */,
				AFA37F57264435B000A86CFC /* DailyWeatherView.swift */,
			);
			path = Views;
			sourceTree = "<group>";
		};
		AF1957A6263702A800B35EBB /* Models */ = {
			isa = PBXGroup;
			children = (
				AF04213B26399B5700AF9993 /* WeatherResponses.swift */,
				AF04214226399C9600AF9993 /* Weather.swift */,
				AF04214526399CB300AF9993 /* WeatherDetail.swift */,
				AF04214C26399CCB00AF9993 /* DailyWeather.swift */,
				AF04214F26399CDD00AF9993 /* Temperature.swift */,
			);
			path = Models;
			sourceTree = "<group>";
		};
		AF1957A7263702AD00B35EBB /* LottieAnimations */ = {
			isa = PBXGroup;
			children = (
				AF9FB9392641954E00D089B8 /* dayClearSky.json */,
				AF9FB93D2641954E00D089B8 /* dayMist.json */,
				AF9FB9472641954F00D089B8 /* dayRain.json */,
				AF9FB9482641954F00D089B8 /* dayScatteredClouds.json */,
				AF9FB93A2641954E00D089B8 /* dayShowerRains.json */,
				AF9FB9402641954E00D089B8 /* daySnow.json */,
				AF9FB93B2641954E00D089B8 /* dayThunderstorm.json */,
				AF9FB9452641954F00D089B8 /* nightBrokenClouds.json */,
				AF9FB93E2641954E00D089B8 /* nightClearSky.json */,
				AF9FB9422641954E00D089B8 /* nightFewClouds.json */,
				AF9FB9462641954F00D089B8 /* nightMist.json */,
				AF9FB9412641954E00D089B8 /* nightRain.json */,
				AF9FB9432641954F00D089B8 /* nightScatteredClouds.json */,
				AF9FB93F2641954E00D089B8 /* nightShowerRains.json */,
				AF9FB93C2641954E00D089B8 /* nightSnow.json */,
				AF9FB9442641954F00D089B8 /* nightThunderstorm.json */,
			);
			path = LottieAnimations;
			sourceTree = "<group>";
		};
/* End PBXGroup section */

/* Begin PBXNativeTarget section */
		AF19578F2636F9BF00B35EBB /* WeatherApp */ = {
			isa = PBXNativeTarget;
			buildConfigurationList = AF19579F2636F9C000B35EBB /* Build configuration list for PBXNativeTarget "WeatherApp" */;
			buildPhases = (
				AF19578C2636F9BF00B35EBB /* Sources */,
				AF19578D2636F9BF00B35EBB /* Frameworks */,
				AF19578E2636F9BF00B35EBB /* Resources */,
			);
			buildRules = (
			);
			dependencies = (
			);
			name = WeatherApp;
			packageProductDependencies = (
				AF9FB9362641940700D089B8 /* Lottie */,
			);
			productName = WeatherApp;
			productReference = AF1957902636F9BF00B35EBB /* WeatherApp.app */;
			productType = "com.apple.product-type.application";
		};
/* End PBXNativeTarget section */

/* Begin PBXProject section */
		AF1957882636F9BF00B35EBB /* Project object */ = {
			isa = PBXProject;
			attributes = {
				LastSwiftUpdateCheck = 1230;
				LastUpgradeCheck = 1230;
				TargetAttributes = {
					AF19578F2636F9BF00B35EBB = {
						CreatedOnToolsVersion = 12.3;
					};
				};
			};
			buildConfigurationList = AF19578B2636F9BF00B35EBB /* Build configuration list for PBXProject "WeatherApp" */;
			compatibilityVersion = "Xcode 9.3";
			developmentRegion = en;
			hasScannedForEncodings = 0;
			knownRegions = (
				en,
				Base,
			);
			mainGroup = AF1957872636F9BF00B35EBB;
			packageReferences = (
				AF9FB9352641940700D089B8 /* XCRemoteSwiftPackageReference "lottie-ios" */,
			);
			productRefGroup = AF1957912636F9BF00B35EBB /* Products */;
			projectDirPath = "";
			projectRoot = "";
			targets = (
				AF19578F2636F9BF00B35EBB /* WeatherApp */,
			);
		};
/* End PBXProject section */

/* Begin PBXResourcesBuildPhase section */
		AF19578E2636F9BF00B35EBB /* Resources */ = {
			isa = PBXResourcesBuildPhase;
			buildActionMask = 2147483647;
			files = (
				AF19579B2636F9C000B35EBB /* Preview Assets.xcassets in Resources */,
				AF9FB9522641954F00D089B8 /* nightFewClouds.json in Resources */,
				AF9FB94F2641954F00D089B8 /* nightShowerRains.json in Resources */,
				AF9FB9542641954F00D089B8 /* nightThunderstorm.json in Resources */,
				AF1957982636F9C000B35EBB /* Assets.xcassets in Resources */,
				AF9FB94E2641954F00D089B8 /* nightClearSky.json in Resources */,
				AF9FB94D2641954F00D089B8 /* dayMist.json in Resources */,
				AF9FB9502641954F00D089B8 /* daySnow.json in Resources */,
				AF9FB9582641954F00D089B8 /* dayScatteredClouds.json in Resources */,
				AF9FB9572641954F00D089B8 /* dayRain.json in Resources */,
				AF9FB94A2641954F00D089B8 /* dayShowerRains.json in Resources */,
				AF9FB9532641954F00D089B8 /* nightScatteredClouds.json in Resources */,
				AF9FB9552641954F00D089B8 /* nightBrokenClouds.json in Resources */,
				AF9FB94B2641954F00D089B8 /* dayThunderstorm.json in Resources */,
				AF9FB9492641954F00D089B8 /* dayClearSky.json in Resources */,
				AF9FB9562641954F00D089B8 /* nightMist.json in Resources */,
				AF9FB9512641954F00D089B8 /* nightRain.json in Resources */,
				AF9FB94C2641954F00D089B8 /* nightSnow.json in Resources */,
			);
			runOnlyForDeploymentPostprocessing = 0;
		};
/* End PBXResourcesBuildPhase section */

/* Begin PBXSourcesBuildPhase section */
		AF19578C2636F9BF00B35EBB /* Sources */ = {
			isa = PBXSourcesBuildPhase;
			buildActionMask = 2147483647;
			files = (
				AFA37F55264431ED00A86CFC /* HourlyWeatherView.swift in Sources */,
				AFA37F58264435B000A86CFC /* DailyWeatherView.swift in Sources */,
				AFEA0B9426384D4200C95270 /* API+Extension.swift in Sources */,
				AF3664D82640361200CD1BE0 /* CityViewViewModel.swift in Sources */,
				AFA37F4F2644220100A86CFC /* LottieView.swift in Sources */,
				AFE423E62642F3530061EF75 /* CityNameView.swift in Sources */,
				AF04214626399CB300AF9993 /* WeatherDetail.swift in Sources */,
				AF1957962636F9BF00B35EBB /* ContentView.swift in Sources */,
				AFEA0B972638553000C95270 /* NetworkManager.swift in Sources */,
				AF04213C26399B5700AF9993 /* WeatherResponses.swift in Sources */,
				AFEA0B9126384B0B00C95270 /* API.swift in Sources */,
				AF1957942636F9BF00B35EBB /* WeatherAppApp.swift in Sources */,
				AFE423E02642EF080061EF75 /* MenuHeaderView.swift in Sources */,
				AF04214326399C9600AF9993 /* Weather.swift in Sources */,
				AF04215026399CDD00AF9993 /* Temperature.swift in Sources */,
				AFA37F52264425FD00A86CFC /* TodayWeatherView.swift in Sources */,
				AF04214D26399CCB00AF9993 /* DailyWeather.swift in Sources */,
				AFE423E32642F1AA0061EF75 /* CityView.swift in Sources */,
			);
			runOnlyForDeploymentPostprocessing = 0;
		};
/* End PBXSourcesBuildPhase section */

/* Begin XCBuildConfiguration section */
		AF19579D2636F9C000B35EBB /* Debug */ = {
			isa = XCBuildConfiguration;
			buildSettings = {
				ALWAYS_SEARCH_USER_PATHS = NO;
				CLANG_ANALYZER_NONNULL = YES;
				CLANG_ANALYZER_NUMBER_OBJECT_CONVERSION = YES_AGGRESSIVE;
				CLANG_CXX_LANGUAGE_STANDARD = "gnu++14";
				CLANG_CXX_LIBRARY = "libc++";
				CLANG_ENABLE_MODULES = YES;
				CLANG_ENABLE_OBJC_ARC = YES;
				CLANG_ENABLE_OBJC_WEAK = YES;
				CLANG_WARN_BLOCK_CAPTURE_AUTORELEASING = YES;
				CLANG_WARN_BOOL_CONVERSION = YES;
				CLANG_WARN_COMMA = YES;
				CLANG_WARN_CONSTANT_CONVERSION = YES;
				CLANG_WARN_DEPRECATED_OBJC_IMPLEMENTATIONS = YES;
				CLANG_WARN_DIRECT_OBJC_ISA_USAGE = YES_ERROR;
				CLANG_WARN_DOCUMENTATION_COMMENTS = YES;
				CLANG_WARN_EMPTY_BODY = YES;
				CLANG_WARN_ENUM_CONVERSION = YES;
				CLANG_WARN_INFINITE_RECURSION = YES;
				CLANG_WARN_INT_CONVERSION = YES;
				CLANG_WARN_NON_LITERAL_NULL_CONVERSION = YES;
				CLANG_WARN_OBJC_IMPLICIT_RETAIN_SELF = YES;
				CLANG_WARN_OBJC_LITERAL_CONVERSION = YES;
				CLANG_WARN_OBJC_ROOT_CLASS = YES_ERROR;
				CLANG_WARN_QUOTED_INCLUDE_IN_FRAMEWORK_HEADER = YES;
				CLANG_WARN_RANGE_LOOP_ANALYSIS = YES;
				CLANG_WARN_STRICT_PROTOTYPES = YES;
				CLANG_WARN_SUSPICIOUS_MOVE = YES;
				CLANG_WARN_UNGUARDED_AVAILABILITY = YES_AGGRESSIVE;
				CLANG_WARN_UNREACHABLE_CODE = YES;
				CLANG_WARN__DUPLICATE_METHOD_MATCH = YES;
				COPY_PHASE_STRIP = NO;
				DEBUG_INFORMATION_FORMAT = dwarf;
				ENABLE_STRICT_OBJC_MSGSEND = YES;
				ENABLE_TESTABILITY = YES;
				GCC_C_LANGUAGE_STANDARD = gnu11;
				GCC_DYNAMIC_NO_PIC = NO;
				GCC_NO_COMMON_BLOCKS = YES;
				GCC_OPTIMIZATION_LEVEL = 0;
				GCC_PREPROCESSOR_DEFINITIONS = (
					"DEBUG=1",
					"$(inherited)",
				);
				GCC_WARN_64_TO_32_BIT_CONVERSION = YES;
				GCC_WARN_ABOUT_RETURN_TYPE = YES_ERROR;
				GCC_WARN_UNDECLARED_SELECTOR = YES;
				GCC_WARN_UNINITIALIZED_AUTOS = YES_AGGRESSIVE;
				GCC_WARN_UNUSED_FUNCTION = YES;
				GCC_WARN_UNUSED_VARIABLE = YES;
				IPHONEOS_DEPLOYMENT_TARGET = 14.3;
				MTL_ENABLE_DEBUG_INFO = INCLUDE_SOURCE;
				MTL_FAST_MATH = YES;
				ONLY_ACTIVE_ARCH = YES;
				SDKROOT = iphoneos;
				SWIFT_ACTIVE_COMPILATION_CONDITIONS = DEBUG;
				SWIFT_OPTIMIZATION_LEVEL = "-Onone";
			};
			name = Debug;
		};
		AF19579E2636F9C000B35EBB /* Release */ = {
			isa = XCBuildConfiguration;
			buildSettings = {
				ALWAYS_SEARCH_USER_PATHS = NO;
				CLANG_ANALYZER_NONNULL = YES;
				CLANG_ANALYZER_NUMBER_OBJECT_CONVERSION = YES_AGGRESSIVE;
				CLANG_CXX_LANGUAGE_STANDARD = "gnu++14";
				CLANG_CXX_LIBRARY = "libc++";
				CLANG_ENABLE_MODULES = YES;
				CLANG_ENABLE_OBJC_ARC = YES;
				CLANG_ENABLE_OBJC_WEAK = YES;
				CLANG_WARN_BLOCK_CAPTURE_AUTORELEASING = YES;
				CLANG_WARN_BOOL_CONVERSION = YES;
				CLANG_WARN_COMMA = YES;
				CLANG_WARN_CONSTANT_CONVERSION = YES;
				CLANG_WARN_DEPRECATED_OBJC_IMPLEMENTATIONS = YES;
				CLANG_WARN_DIRECT_OBJC_ISA_USAGE = YES_ERROR;
				CLANG_WARN_DOCUMENTATION_COMMENTS = YES;
				CLANG_WARN_EMPTY_BODY = YES;
				CLANG_WARN_ENUM_CONVERSION = YES;
				CLANG_WARN_INFINITE_RECURSION = YES;
				CLANG_WARN_INT_CONVERSION = YES;
				CLANG_WARN_NON_LITERAL_NULL_CONVERSION = YES;
				CLANG_WARN_OBJC_IMPLICIT_RETAIN_SELF = YES;
				CLANG_WARN_OBJC_LITERAL_CONVERSION = YES;
				CLANG_WARN_OBJC_ROOT_CLASS = YES_ERROR;
				CLANG_WARN_QUOTED_INCLUDE_IN_FRAMEWORK_HEADER = YES;
				CLANG_WARN_RANGE_LOOP_ANALYSIS = YES;
				CLANG_WARN_STRICT_PROTOTYPES = YES;
				CLANG_WARN_SUSPICIOUS_MOVE = YES;
				CLANG_WARN_UNGUARDED_AVAILABILITY = YES_AGGRESSIVE;
				CLANG_WARN_UNREACHABLE_CODE = YES;
				CLANG_WARN__DUPLICATE_METHOD_MATCH = YES;
				COPY_PHASE_STRIP = NO;
				DEBUG_INFORMATION_FORMAT = "dwarf-with-dsym";
				ENABLE_NS_ASSERTIONS = NO;
				ENABLE_STRICT_OBJC_MSGSEND = YES;
				GCC_C_LANGUAGE_STANDARD = gnu11;
				GCC_NO_COMMON_BLOCKS = YES;
				GCC_WARN_64_TO_32_BIT_CONVERSION = YES;
				GCC_WARN_ABOUT_RETURN_TYPE = YES_ERROR;
				GCC_WARN_UNDECLARED_SELECTOR = YES;
				GCC_WARN_UNINITIALIZED_AUTOS = YES_AGGRESSIVE;
				GCC_WARN_UNUSED_FUNCTION = YES;
				GCC_WARN_UNUSED_VARIABLE = YES;
				IPHONEOS_DEPLOYMENT_TARGET = 14.3;
				MTL_ENABLE_DEBUG_INFO = NO;
				MTL_FAST_MATH = YES;
				SDKROOT = iphoneos;
				SWIFT_COMPILATION_MODE = wholemodule;
				SWIFT_OPTIMIZATION_LEVEL = "-O";
				VALIDATE_PRODUCT = YES;
			};
			name = Release;
		};
		AF1957A02636F9C000B35EBB /* Debug */ = {
			isa = XCBuildConfiguration;
			buildSettings = {
				ASSETCATALOG_COMPILER_APPICON_NAME = AppIcon;
				ASSETCATALOG_COMPILER_GLOBAL_ACCENT_COLOR_NAME = AccentColor;
				CODE_SIGN_STYLE = Automatic;
				DEVELOPMENT_ASSET_PATHS = "\"WeatherApp/Preview Content\"";
				ENABLE_PREVIEWS = YES;
				INFOPLIST_FILE = WeatherApp/Info.plist;
				IPHONEOS_DEPLOYMENT_TARGET = 14.0;
				LD_RUNPATH_SEARCH_PATHS = (
					"$(inherited)",
					"@executable_path/Frameworks",
				);
				PRODUCT_BUNDLE_IDENTIFIER = com.lauren.WeatherApp;
				PRODUCT_NAME = "$(TARGET_NAME)";
				SWIFT_VERSION = 5.0;
				TARGETED_DEVICE_FAMILY = "1,2";
			};
			name = Debug;
		};
		AF1957A12636F9C000B35EBB /* Release */ = {
			isa = XCBuildConfiguration;
			buildSettings = {
				ASSETCATALOG_COMPILER_APPICON_NAME = AppIcon;
				ASSETCATALOG_COMPILER_GLOBAL_ACCENT_COLOR_NAME = AccentColor;
				CODE_SIGN_STYLE = Automatic;
				DEVELOPMENT_ASSET_PATHS = "\"WeatherApp/Preview Content\"";
				ENABLE_PREVIEWS = YES;
				INFOPLIST_FILE = WeatherApp/Info.plist;
				IPHONEOS_DEPLOYMENT_TARGET = 14.0;
				LD_RUNPATH_SEARCH_PATHS = (
					"$(inherited)",
					"@executable_path/Frameworks",
				);
				PRODUCT_BUNDLE_IDENTIFIER = com.lauren.WeatherApp;
				PRODUCT_NAME = "$(TARGET_NAME)";
				SWIFT_VERSION = 5.0;
				TARGETED_DEVICE_FAMILY = "1,2";
			};
			name = Release;
		};
/* End XCBuildConfiguration section */

/* Begin XCConfigurationList section */
		AF19578B2636F9BF00B35EBB /* Build configuration list for PBXProject "WeatherApp" */ = {
			isa = XCConfigurationList;
			buildConfigurations = (
				AF19579D2636F9C000B35EBB /* Debug */,
				AF19579E2636F9C000B35EBB /* Release */,
			);
			defaultConfigurationIsVisible = 0;
			defaultConfigurationName = Release;
		};
		AF19579F2636F9C000B35EBB /* Build configuration list for PBXNativeTarget "WeatherApp" */ = {
			isa = XCConfigurationList;
			buildConfigurations = (
				AF1957A02636F9C000B35EBB /* Debug */,
				AF1957A12636F9C000B35EBB /* Release */,
			);
			defaultConfigurationIsVisible = 0;
			defaultConfigurationName = Release;
		};
/* End XCConfigurationList section */

/* Begin XCRemoteSwiftPackageReference section */
		AF9FB9352641940700D089B8 /* XCRemoteSwiftPackageReference "lottie-ios" */ = {
			isa = XCRemoteSwiftPackageReference;
			repositoryURL = "https://github.com/airbnb/lottie-ios.git";
			requirement = {
				kind = upToNextMajorVersion;
				minimumVersion = 3.2.2;
			};
		};
/* End XCRemoteSwiftPackageReference section */

/* Begin XCSwiftPackageProductDependency section */
		AF9FB9362641940700D089B8 /* Lottie */ = {
			isa = XCSwiftPackageProductDependency;
			package = AF9FB9352641940700D089B8 /* XCRemoteSwiftPackageReference "lottie-ios" */;
			productName = Lottie;
		};
/* End XCSwiftPackageProductDependency section */
	};
	rootObject = AF1957882636F9BF00B35EBB /* Project object */;
}
